
Microsoft Visual Studio Solution File, Format Version 12.00
# Visual Studio Version 17
VisualStudioVersion = 17.14.36915.13 d17.14
MinimumVisualStudioVersion = 10.0.40219.1
Project("{888888A0-9F3D-457C-B088-3A5042F75D52}") = "task10_squares_dict.py", "task10_squares_dict.py.pyproj", "{8E3B0B48-6696-4355-8A0D-F17859067440}"
EndProject
Global
	GlobalSection(SolutionConfigurationPlatforms) = preSolution
		Debug|Any CPU = Debug|Any CPU
		Release|Any CPU = Release|Any CPU
	EndGlobalSection
	GlobalSection(ProjectConfigurationPlatforms) = postSolution
		{8E3B0B48-6696-4355-8A0D-F17859067440}.Debug|Any CPU.ActiveCfg = Debug|Any CPU
		{8E3B0B48-6696-4355-8A0D-F17859067440}.Release|Any CPU.ActiveCfg = Release|Any CPU
	EndGlobalSection
	GlobalSection(SolutionProperties) = preSolution
		HideSolutionNode = FALSE
	EndGlobalSection
	GlobalSection(ExtensibilityGlobals) = postSolution
		SolutionGuid = {1772BD15-2163-4232-AD74-55E441B92556}
	EndGlobalSection
EndGlobal
