
Microsoft Visual Studio Solution File, Format Version 12.00
# Visual Studio Version 17
VisualStudioVersion = 17.14.36915.13 d17.14
MinimumVisualStudioVersion = 10.0.40219.1
Project("{888888A0-9F3D-457C-B088-3A5042F75D52}") = "task4_gcd.py", "task4_gcd.py.pyproj", "{C0BA65AF-F6D8-4943-BAB6-AD119BFB57DD}"
EndProject
Global
	GlobalSection(SolutionConfigurationPlatforms) = preSolution
		Debug|Any CPU = Debug|Any CPU
		Release|Any CPU = Release|Any CPU
	EndGlobalSection
	GlobalSection(ProjectConfigurationPlatforms) = postSolution
		{C0BA65AF-F6D8-4943-BAB6-AD119BFB57DD}.Debug|Any CPU.ActiveCfg = Debug|Any CPU
		{C0BA65AF-F6D8-4943-BAB6-AD119BFB57DD}.Release|Any CPU.ActiveCfg = Release|Any CPU
	EndGlobalSection
	GlobalSection(SolutionProperties) = preSolution
		HideSolutionNode = FALSE
	EndGlobalSection
	GlobalSection(ExtensibilityGlobals) = postSolution
		SolutionGuid = {AFCBD93F-1E8D-40F7-85AC-40B8B4C924B2}
	EndGlobalSection
EndGlobal
